PODS:
  - SwiftUICollectionView (0.0.2)

DEPENDENCIES:
  - SwiftUICollectionView (from `../SwiftUICollectionView`)

EXTERNAL SOURCES:
  SwiftUICollectionView:
    :path: "../SwiftUICollectionView"

SPEC CHECKSUMS:
  SwiftUICollectionView: c05e59a58839a748efb3cb52bad0b41273a4c8a6

PODFILE CHECKSUM: 9a1452a7a2e894f254370980293834ce1f7f2aa1

COCOAPODS: 1.10.1
