PODS:
  - SwiftUICollectionView (0.0.2)

DEPENDENCIES:
  - SwiftUICollectionView (~> 0.0)

SPEC REPOS:
  https://github.com/michzio/PodSpecs.git:
    - SwiftUICollectionView

SPEC CHECKSUMS:
  SwiftUICollectionView: b9e6f7db6f32f251ddf38be727863f5f0158434e

PODFILE CHECKSUM: 830cf46386b8cc970736d33eec129bb61fd53f2e

COCOAPODS: 1.10.1
