// !$*UTF8*$!
{
	archiveVersion = 1;
	classes = {
	};
	objectVersion = 51;
	objects = {

/* Begin PBXBuildFile section */
		8454D22E245C202E00A685DE /* AppDelegate.swift in Sources */ = {isa = PBXBuildFile; fileRef = 8454D22D245C202E00A685DE /* AppDelegate.swift */; };
		8454D230245C202E00A685DE /* SceneDelegate.swift in Sources */ = {isa = PBXBuildFile; fileRef = 8454D22F245C202E00A685DE /* SceneDelegate.swift */; };
		8454D232245C202E00A685DE /* ContentView.swift in Sources */ = {isa = PBXBuildFile; fileRef = 8454D231245C202E00A685DE /* ContentView.swift */; };
		8454D234245C202F00A685DE /* Assets.xcassets in Resources */ = {isa = PBXBuildFile; fileRef = 8454D233245C202F00A685DE /* Assets.xcassets */; };
		8454D237245C202F00A685DE /* Preview Assets.xcassets in Resources */ = {isa = PBXBuildFile; fileRef = 8454D236245C202F00A685DE /* Preview Assets.xcassets */; };
		8454D23A245C202F00A685DE /* LaunchScreen.storyboard in Resources */ = {isa = PBXBuildFile; fileRef = 8454D238245C202F00A685DE /* LaunchScreen.storyboard */; };
		8454D248245C263400A685DE /* Model.swift in Sources */ = {isa = PBXBuildFile; fileRef = 8454D247245C263400A685DE /* Model.swift */; };
		A1247D7B2F5B5307D11DD7DF /* Pods_SwiftUICollectionViewApp.framework in Frameworks */ = {isa = PBXBuildFile; fileRef = 3AFE5A7A43AA1B38310A9D04 /* Pods_SwiftUICollectionViewApp.framework */; };
/* End PBXBuildFile section */

/* Begin PBXFileReference section */
		1F49B7B467613F710259274F /* Pods-SwiftUICollectionViewApp.release.xcconfig */ = {isa = PBXFileReference; includeInIndex = 1; lastKnownFileType = text.xcconfig; name = "Pods-SwiftUICollectionViewApp.release.xcconfig"; path = "Target Support Files/Pods-SwiftUICollectionViewApp/Pods-SwiftUICollectionViewApp.release.xcconfig"; sourceTree = "<group>"; };
		3AFE5A7A43AA1B38310A9D04 /* Pods_SwiftUICollectionViewApp.framework */ = {isa = PBXFileReference; explicitFileType = wrapper.framework; includeInIndex = 0; path = Pods_SwiftUICollectionViewApp.framework; sourceTree = BUILT_PRODUCTS_DIR; };
		8454D22A245C202E00A685DE /* SwiftUICollectionViewApp.app */ = {isa = PBXFileReference; explicitFileType = wrapper.application; includeInIndex = 0; path = SwiftUICollectionViewApp.app; sourceTree = BUILT_PRODUCTS_DIR; };
		8454D22D245C202E00A685DE /* AppDelegate.swift */ = {isa = PBXFileReference; lastKnownFileType = sourcecode.swift; path = AppDelegate.swift; sourceTree = "<group>"; };
		8454D22F245C202E00A685DE /* SceneDelegate.swift */ = {isa = PBXFileReference; lastKnownFileType = sourcecode.swift; path = SceneDelegate.swift; sourceTree = "<group>"; };
		8454D231245C202E00A685DE /* ContentView.swift */ = {isa = PBXFileReference; lastKnownFileType = sourcecode.swift; path = ContentView.swift; sourceTree = "<group>"; };
		8454D233245C202F00A685DE /* Assets.xcassets */ = {isa = PBXFileReference; lastKnownFileType = folder.assetcatalog; path = Assets.xcassets; sourceTree = "<group>"; };
		8454D236245C202F00A685DE /* Preview Assets.xcassets */ = {isa = PBXFileReference; lastKnownFileType = folder.assetcatalog; path = "Preview Assets.xcassets"; sourceTree = "<group>"; };
		8454D239245C202F00A685DE /* Base */ = {isa = PBXFileReference; lastKnownFileType = file.storyboard; name = Base; path = Base.lproj/LaunchScreen.storyboard; sourceTree = "<group>"; };
		8454D23B245C202F00A685DE /* Info.plist */ = {isa = PBXFileReference; lastKnownFileType = text.plist.xml; path = Info.plist; sourceTree = "<group>"; };
		8454D247245C263400A685DE /* Model.swift */ = {isa = PBXFileReference; lastKnownFileType = sourcecode.swift; path = Model.swift; sourceTree = "<group>"; };
		CFA69BFC60D5E6F00B576EFF /* Pods-SwiftUICollectionViewApp.debug.xcconfig */ = {isa = PBXFileReference; includeInIndex = 1; lastKnownFileType = text.xcconfig; name = "Pods-SwiftUICollectionViewApp.debug.xcconfig"; path = "Target Support Files/Pods-SwiftUICollectionViewApp/Pods-SwiftUICollectionViewApp.debug.xcconfig"; sourceTree = "<group>"; };
/* End PBXFileReference section */

/* Begin PBXFrameworksBuildPhase section */
		8454D227245C202E00A685DE /* Frameworks */ = {
			isa = PBXFrameworksBuildPhase;
			buildActionMask = 2147483647;
			files = (
				A1247D7B2F5B5307D11DD7DF /* Pods_SwiftUICollectionViewApp.framework in Frameworks */,
			);
			runOnlyForDeploymentPostprocessing = 0;
		};
/* End PBXFrameworksBuildPhase section */

/* Begin PBXGroup section */
		8454D221245C202E00A685DE = {
			isa = PBXGroup;
			children = (
				8454D22C245C202E00A685DE /* SwiftUICollectionViewApp */,
				8454D22B245C202E00A685DE /* Products */,
				E93892CE0D3A2B2944824D59 /* Pods */,
				962F86253E94C6B0C24AD3ED /* Frameworks */,
			);
			sourceTree = "<group>";
		};
		8454D22B245C202E00A685DE /* Products */ = {
			isa = PBXGroup;
			children = (
				8454D22A245C202E00A685DE /* SwiftUICollectionViewApp.app */,
			);
			name = Products;
			sourceTree = "<group>";
		};
		8454D22C245C202E00A685DE /* SwiftUICollectionViewApp */ = {
			isa = PBXGroup;
			children = (
				8454D231245C202E00A685DE /* ContentView.swift */,
				8454D247245C263400A685DE /* Model.swift */,
				8454D23B245C202F00A685DE /* Info.plist */,
				8454D244245C206D00A685DE /* Supporting Files */,
				8454D235245C202F00A685DE /* Preview Content */,
			);
			path = SwiftUICollectionViewApp;
			sourceTree = "<group>";
		};
		8454D235245C202F00A685DE /* Preview Content */ = {
			isa = PBXGroup;
			children = (
				8454D236245C202F00A685DE /* Preview Assets.xcassets */,
			);
			path = "Preview Content";
			sourceTree = "<group>";
		};
		8454D244245C206D00A685DE /* Supporting Files */ = {
			isa = PBXGroup;
			children = (
				8454D233245C202F00A685DE /* Assets.xcassets */,
				8454D22D245C202E00A685DE /* AppDelegate.swift */,
				8454D22F245C202E00A685DE /* SceneDelegate.swift */,
				8454D238245C202F00A685DE /* LaunchScreen.storyboard */,
			);
			path = "Supporting Files";
			sourceTree = "<group>";
		};
		962F86253E94C6B0C24AD3ED /* Frameworks */ = {
			isa = PBXGroup;
			children = (
				3AFE5A7A43AA1B38310A9D04 /* Pods_SwiftUICollectionViewApp.framework */,
			);
			name = Frameworks;
			sourceTree = "<group>";
		};
		E93892CE0D3A2B2944824D59 /* Pods */ = {
			isa = PBXGroup;
			children = (
				CFA69BFC60D5E6F00B576EFF /* Pods-SwiftUICollectionViewApp.debug.xcconfig */,
				1F49B7B467613F710259274F /* Pods-SwiftUICollectionViewApp.release.xcconfig */,
			);
			path = Pods;
			sourceTree = "<group>";
		};
/* End PBXGroup section */

/* Begin PBXNativeTarget section */
		8454D229245C202E00A685DE /* SwiftUICollectionViewApp */ = {
			isa = PBXNativeTarget;
			buildConfigurationList = 8454D23E245C202F00A685DE /* Build configuration list for PBXNativeTarget "SwiftUICollectionViewApp" */;
			buildPhases = (
				5C8BEA8B0D6678084070007B /* [CP] Check Pods Manifest.lock */,
				8454D226245C202E00A685DE /* Sources */,
				8454D227245C202E00A685DE /* Frameworks */,
				8454D228245C202E00A685DE /* Resources */,
				20385E0F71E23ADEF983717C /* [CP] Embed Pods Frameworks */,
			);
			buildRules = (
			);
			dependencies = (
			);
			name = SwiftUICollectionViewApp;
			productName = SwiftUICollectionView;
			productReference = 8454D22A245C202E00A685DE /* SwiftUICollectionViewApp.app */;
			productType = "com.apple.product-type.application";
		};
/* End PBXNativeTarget section */

/* Begin PBXProject section */
		8454D222245C202E00A685DE /* Project object */ = {
			isa = PBXProject;
			attributes = {
				LastSwiftUpdateCheck = 1140;
				LastUpgradeCheck = 1140;
				ORGANIZATIONNAME = "click5 Interactive";
				TargetAttributes = {
					8454D229245C202E00A685DE = {
						CreatedOnToolsVersion = 11.4.1;
					};
				};
			};
			buildConfigurationList = 8454D225245C202E00A685DE /* Build configuration list for PBXProject "SwiftUICollectionViewApp" */;
			compatibilityVersion = "Xcode 9.3";
			developmentRegion = en;
			hasScannedForEncodings = 0;
			knownRegions = (
				en,
				Base,
			);
			mainGroup = 8454D221245C202E00A685DE;
			productRefGroup = 8454D22B245C202E00A685DE /* Products */;
			projectDirPath = "";
			projectRoot = "";
			targets = (
				8454D229245C202E00A685DE /* SwiftUICollectionViewApp */,
			);
		};
/* End PBXProject section */

/* Begin PBXResourcesBuildPhase section */
		8454D228245C202E00A685DE /* Resources */ = {
			isa = PBXResourcesBuildPhase;
			buildActionMask = 2147483647;
			files = (
				8454D23A245C202F00A685DE /* LaunchScreen.storyboard in Resources */,
				8454D237245C202F00A685DE /* Preview Assets.xcassets in Resources */,
				8454D234245C202F00A685DE /* Assets.xcassets in Resources */,
			);
			runOnlyForDeploymentPostprocessing = 0;
		};
/* End PBXResourcesBuildPhase section */

/* Begin PBXShellScriptBuildPhase section */
		20385E0F71E23ADEF983717C /* [CP] Embed Pods Frameworks */ = {
			isa = PBXShellScriptBuildPhase;
			buildActionMask = 2147483647;
			files = (
			);
			inputFileListPaths = (
				"${PODS_ROOT}/Target Support Files/Pods-SwiftUICollectionViewApp/Pods-SwiftUICollectionViewApp-frameworks-${CONFIGURATION}-input-files.xcfilelist",
			);
			name = "[CP] Embed Pods Frameworks";
			outputFileListPaths = (
				"${PODS_ROOT}/Target Support Files/Pods-SwiftUICollectionViewApp/Pods-SwiftUICollectionViewApp-frameworks-${CONFIGURATION}-output-files.xcfilelist",
			);
			runOnlyForDeploymentPostprocessing = 0;
			shellPath = /bin/sh;
			shellScript = "\"${PODS_ROOT}/Target Support Files/Pods-SwiftUICollectionViewApp/Pods-SwiftUICollectionViewApp-frameworks.sh\"\n";
			showEnvVarsInLog = 0;
		};
		5C8BEA8B0D6678084070007B /* [CP] Check Pods Manifest.lock */ = {
			isa = PBXShellScriptBuildPhase;
			buildActionMask = 2147483647;
			files = (
			);
			inputFileListPaths = (
			);
			inputPaths = (
				"${PODS_PODFILE_DIR_PATH}/Podfile.lock",
				"${PODS_ROOT}/Manifest.lock",
			);
			name = "[CP] Check Pods Manifest.lock";
			outputFileListPaths = (
			);
			outputPaths = (
				"$(DERIVED_FILE_DIR)/Pods-SwiftUICollectionViewApp-checkManifestLockResult.txt",
			);
			runOnlyForDeploymentPostprocessing = 0;
			shellPath = /bin/sh;
			shellScript = "diff \"${PODS_PODFILE_DIR_PATH}/Podfile.lock\" \"${PODS_ROOT}/Manifest.lock\" > /dev/null\nif [ $? != 0 ] ; then\n    # print error to STDERR\n    echo \"error: The sandbox is not in sync with the Podfile.lock. Run 'pod install' or update your CocoaPods installation.\" >&2\n    exit 1\nfi\n# This output is used by Xcode 'outputs' to avoid re-running this script phase.\necho \"SUCCESS\" > \"${SCRIPT_OUTPUT_FILE_0}\"\n";
			showEnvVarsInLog = 0;
		};
/* End PBXShellScriptBuildPhase section */

/* Begin PBXSourcesBuildPhase section */
		8454D226245C202E00A685DE /* Sources */ = {
			isa = PBXSourcesBuildPhase;
			buildActionMask = 2147483647;
			files = (
				8454D22E245C202E00A685DE /* AppDelegate.swift in Sources */,
				8454D230245C202E00A685DE /* SceneDelegate.swift in Sources */,
				8454D248245C263400A685DE /* Model.swift in Sources */,
				8454D232245C202E00A685DE /* ContentView.swift in Sources */,
			);
			runOnlyForDeploymentPostprocessing = 0;
		};
/* End PBXSourcesBuildPhase section */

/* Begin PBXVariantGroup section */
		8454D238245C202F00A685DE /* LaunchScreen.storyboard */ = {
			isa = PBXVariantGroup;
			children = (
				8454D239245C202F00A685DE /* Base */,
			);
			name = LaunchScreen.storyboard;
			sourceTree = "<group>";
		};
/* End PBXVariantGroup section */

/* Begin XCBuildConfiguration section */
		8454D23C245C202F00A685DE /* Debug */ = {
			isa = XCBuildConfiguration;
			buildSettings = {
				ALWAYS_SEARCH_USER_PATHS = NO;
				CLANG_ANALYZER_NONNULL = YES;
				CLANG_ANALYZER_NUMBER_OBJECT_CONVERSION = YES_AGGRESSIVE;
				CLANG_CXX_LANGUAGE_STANDARD = "gnu++14";
				CLANG_CXX_LIBRARY = "libc++";
				CLANG_ENABLE_MODULES = YES;
				CLANG_ENABLE_OBJC_ARC = YES;
				CLANG_ENABLE_OBJC_WEAK = YES;
				CLANG_WARN_BLOCK_CAPTURE_AUTORELEASING = YES;
				CLANG_WARN_BOOL_CONVERSION = YES;
				CLANG_WARN_COMMA = YES;
				CLANG_WARN_CONSTANT_CONVERSION = YES;
				CLANG_WARN_DEPRECATED_OBJC_IMPLEMENTATIONS = YES;
				CLANG_WARN_DIRECT_OBJC_ISA_USAGE = YES_ERROR;
				CLANG_WARN_DOCUMENTATION_COMMENTS = YES;
				CLANG_WARN_EMPTY_BODY = YES;
				CLANG_WARN_ENUM_CONVERSION = YES;
				CLANG_WARN_INFINITE_RECURSION = YES;
				CLANG_WARN_INT_CONVERSION = YES;
				CLANG_WARN_NON_LITERAL_NULL_CONVERSION = YES;
				CLANG_WARN_OBJC_IMPLICIT_RETAIN_SELF = YES;
				CLANG_WARN_OBJC_LITERAL_CONVERSION = YES;
				CLANG_WARN_OBJC_ROOT_CLASS = YES_ERROR;
				CLANG_WARN_RANGE_LOOP_ANALYSIS = YES;
				CLANG_WARN_STRICT_PROTOTYPES = YES;
				CLANG_WARN_SUSPICIOUS_MOVE = YES;
				CLANG_WARN_UNGUARDED_AVAILABILITY = YES_AGGRESSIVE;
				CLANG_WARN_UNREACHABLE_CODE = YES;
				CLANG_WARN__DUPLICATE_METHOD_MATCH = YES;
				COPY_PHASE_STRIP = NO;
				DEBUG_INFORMATION_FORMAT = dwarf;
				ENABLE_STRICT_OBJC_MSGSEND = YES;
				ENABLE_TESTABILITY = YES;
				GCC_C_LANGUAGE_STANDARD = gnu11;
				GCC_DYNAMIC_NO_PIC = NO;
				GCC_NO_COMMON_BLOCKS = YES;
				GCC_OPTIMIZATION_LEVEL = 0;
				GCC_PREPROCESSOR_DEFINITIONS = (
					"DEBUG=1",
					"$(inherited)",
				);
				GCC_WARN_64_TO_32_BIT_CONVERSION = YES;
				GCC_WARN_ABOUT_RETURN_TYPE = YES_ERROR;
				GCC_WARN_UNDECLARED_SELECTOR = YES;
				GCC_WARN_UNINITIALIZED_AUTOS = YES_AGGRESSIVE;
				GCC_WARN_UNUSED_FUNCTION = YES;
				GCC_WARN_UNUSED_VARIABLE = YES;
				IPHONEOS_DEPLOYMENT_TARGET = 13.0;
				MTL_ENABLE_DEBUG_INFO = INCLUDE_SOURCE;
				MTL_FAST_MATH = YES;
				ONLY_ACTIVE_ARCH = YES;
				SDKROOT = iphoneos;
				SWIFT_ACTIVE_COMPILATION_CONDITIONS = DEBUG;
				SWIFT_OPTIMIZATION_LEVEL = "-Onone";
			};
			name = Debug;
		};
		8454D23D245C202F00A685DE /* Release */ = {
			isa = XCBuildConfiguration;
			buildSettings = {
				ALWAYS_SEARCH_USER_PATHS = NO;
				CLANG_ANALYZER_NONNULL = YES;
				CLANG_ANALYZER_NUMBER_OBJECT_CONVERSION = YES_AGGRESSIVE;
				CLANG_CXX_LANGUAGE_STANDARD = "gnu++14";
				CLANG_CXX_LIBRARY = "libc++";
				CLANG_ENABLE_MODULES = YES;
				CLANG_ENABLE_OBJC_ARC = YES;
				CLANG_ENABLE_OBJC_WEAK = YES;
				CLANG_WARN_BLOCK_CAPTURE_AUTORELEASING = YES;
				CLANG_WARN_BOOL_CONVERSION = YES;
				CLANG_WARN_COMMA = YES;
				CLANG_WARN_CONSTANT_CONVERSION = YES;
				CLANG_WARN_DEPRECATED_OBJC_IMPLEMENTATIONS = YES;
				CLANG_WARN_DIRECT_OBJC_ISA_USAGE = YES_ERROR;
				CLANG_WARN_DOCUMENTATION_COMMENTS = YES;
				CLANG_WARN_EMPTY_BODY = YES;
				CLANG_WARN_ENUM_CONVERSION = YES;
				CLANG_WARN_INFINITE_RECURSION = YES;
				CLANG_WARN_INT_CONVERSION = YES;
				CLANG_WARN_NON_LITERAL_NULL_CONVERSION = YES;
				CLANG_WARN_OBJC_IMPLICIT_RETAIN_SELF = YES;
				CLANG_WARN_OBJC_LITERAL_CONVERSION = YES;
				CLANG_WARN_OBJC_ROOT_CLASS = YES_ERROR;
				CLANG_WARN_RANGE_LOOP_ANALYSIS = YES;
				CLANG_WARN_STRICT_PROTOTYPES = YES;
				CLANG_WARN_SUSPICIOUS_MOVE = YES;
				CLANG_WARN_UNGUARDED_AVAILABILITY = YES_AGGRESSIVE;
				CLANG_WARN_UNREACHABLE_CODE = YES;
				CLANG_WARN__DUPLICATE_METHOD_MATCH = YES;
				COPY_PHASE_STRIP = NO;
				DEBUG_INFORMATION_FORMAT = "dwarf-with-dsym";
				ENABLE_NS_ASSERTIONS = NO;
				ENABLE_STRICT_OBJC_MSGSEND = YES;
				GCC_C_LANGUAGE_STANDARD = gnu11;
				GCC_NO_COMMON_BLOCKS = YES;
				GCC_WARN_64_TO_32_BIT_CONVERSION = YES;
				GCC_WARN_ABOUT_RETURN_TYPE = YES_ERROR;
				GCC_WARN_UNDECLARED_SELECTOR = YES;
				GCC_WARN_UNINITIALIZED_AUTOS = YES_AGGRESSIVE;
				GCC_WARN_UNUSED_FUNCTION = YES;
				GCC_WARN_UNUSED_VARIABLE = YES;
				IPHONEOS_DEPLOYMENT_TARGET = 13.0;
				MTL_ENABLE_DEBUG_INFO = NO;
				MTL_FAST_MATH = YES;
				SDKROOT = iphoneos;
				SWIFT_COMPILATION_MODE = wholemodule;
				SWIFT_OPTIMIZATION_LEVEL = "-O";
				VALIDATE_PRODUCT = YES;
			};
			name = Release;
		};
		8454D23F245C202F00A685DE /* Debug */ = {
			isa = XCBuildConfiguration;
			baseConfigurationReference = CFA69BFC60D5E6F00B576EFF /* Pods-SwiftUICollectionViewApp.debug.xcconfig */;
			buildSettings = {
				ASSETCATALOG_COMPILER_APPICON_NAME = AppIcon;
				CODE_SIGN_STYLE = Automatic;
				DEVELOPMENT_ASSET_PATHS = "\"SwiftUICollectionViewApp/Preview Content\"";
				DEVELOPMENT_TEAM = Q6SGLY365Y;
				ENABLE_PREVIEWS = YES;
				INFOPLIST_FILE = SwiftUICollectionViewApp/Info.plist;
				IPHONEOS_DEPLOYMENT_TARGET = 13.0;
				LD_RUNPATH_SEARCH_PATHS = (
					"$(inherited)",
					"@executable_path/Frameworks",
				);
				PRODUCT_BUNDLE_IDENTIFIER = pl.elector.SwiftUICollectionViewApp;
				PRODUCT_NAME = "$(TARGET_NAME)";
				SWIFT_VERSION = 5.0;
				TARGETED_DEVICE_FAMILY = "1,2";
			};
			name = Debug;
		};
		8454D240245C202F00A685DE /* Release */ = {
			isa = XCBuildConfiguration;
			baseConfigurationReference = 1F49B7B467613F710259274F /* Pods-SwiftUICollectionViewApp.release.xcconfig */;
			buildSettings = {
				ASSETCATALOG_COMPILER_APPICON_NAME = AppIcon;
				CODE_SIGN_STYLE = Automatic;
				DEVELOPMENT_ASSET_PATHS = "\"SwiftUICollectionViewApp/Preview Content\"";
				DEVELOPMENT_TEAM = Q6SGLY365Y;
				ENABLE_PREVIEWS = YES;
				INFOPLIST_FILE = SwiftUICollectionViewApp/Info.plist;
				IPHONEOS_DEPLOYMENT_TARGET = 13.0;
				LD_RUNPATH_SEARCH_PATHS = (
					"$(inherited)",
					"@executable_path/Frameworks",
				);
				PRODUCT_BUNDLE_IDENTIFIER = pl.elector.SwiftUICollectionViewApp;
				PRODUCT_NAME = "$(TARGET_NAME)";
				SWIFT_VERSION = 5.0;
				TARGETED_DEVICE_FAMILY = "1,2";
			};
			name = Release;
		};
/* End XCBuildConfiguration section */

/* Begin XCConfigurationList section */
		8454D225245C202E00A685DE /* Build configuration list for PBXProject "SwiftUICollectionViewApp" */ = {
			isa = XCConfigurationList;
			buildConfigurations = (
				8454D23C245C202F00A685DE /* Debug */,
				8454D23D245C202F00A685DE /* Release */,
			);
			defaultConfigurationIsVisible = 0;
			defaultConfigurationName = Release;
		};
		8454D23E245C202F00A685DE /* Build configuration list for PBXNativeTarget "SwiftUICollectionViewApp" */ = {
			isa = XCConfigurationList;
			buildConfigurations = (
				8454D23F245C202F00A685DE /* Debug */,
				8454D240245C202F00A685DE /* Release */,
			);
			defaultConfigurationIsVisible = 0;
			defaultConfigurationName = Release;
		};
/* End XCConfigurationList section */
	};
	rootObject = 8454D222245C202E00A685DE /* Project object */;
}
