// !$*UTF8*$!
{
	archiveVersion = 1;
	classes = {
	};
	objectVersion = 50;
	objects = {

/* Begin PBXBuildFile section */
		8454D22E245C202E00A685DE /* AppDelegate.swift in Sources */ = {isa = PBXBuildFile; fileRef = 8454D22D245C202E00A685DE /* AppDelegate.swift */; };
		8454D230245C202E00A685DE /* SceneDelegate.swift in Sources */ = {isa = PBXBuildFile; fileRef = 8454D22F245C202E00A685DE /* SceneDelegate.swift */; };
		8454D232245C202E00A685DE /* ContentView.swift in Sources */ = {isa = PBXBuildFile; fileRef = 8454D231245C202E00A685DE /* ContentView.swift */; };
		8454D234245C202F00A685DE /* Assets.xcassets in Resources */ = {isa = PBXBuildFile; fileRef = 8454D233245C202F00A685DE /* Assets.xcassets */; };
		8454D237245C202F00A685DE /* Preview Assets.xcassets in Resources */ = {isa = PBXBuildFile; fileRef = 8454D236245C202F00A685DE /* Preview Assets.xcassets */; };
		8454D23A245C202F00A685DE /* LaunchScreen.storyboard in Resources */ = {isa = PBXBuildFile; fileRef = 8454D238245C202F00A685DE /* LaunchScreen.storyboard */; };
		8454D242245C206200A685DE /* CollectionView.swift in Sources */ = {isa = PBXBuildFile; fileRef = 8454D241245C206200A685DE /* CollectionView.swift */; };
		8454D246245C21C800A685DE /* CollectionViewController.swift in Sources */ = {isa = PBXBuildFile; fileRef = 8454D245245C21C800A685DE /* CollectionViewController.swift */; };
		8454D248245C263400A685DE /* Model.swift in Sources */ = {isa = PBXBuildFile; fileRef = 8454D247245C263400A685DE /* Model.swift */; };
		8454D24A245C264500A685DE /* ItemCell.swift in Sources */ = {isa = PBXBuildFile; fileRef = 8454D249245C264500A685DE /* ItemCell.swift */; };
		8454D24C245C27F500A685DE /* UICollectionViewCell+Extensions.swift in Sources */ = {isa = PBXBuildFile; fileRef = 8454D24B245C27F500A685DE /* UICollectionViewCell+Extensions.swift */; };
		8454D24E245C3CC800A685DE /* HostingControllerCollectionViewCell.swift in Sources */ = {isa = PBXBuildFile; fileRef = 8454D24D245C3CC800A685DE /* HostingControllerCollectionViewCell.swift */; };
		8454D251245C71C600A685DE /* CollectionView+Coordinator.swift in Sources */ = {isa = PBXBuildFile; fileRef = 8454D250245C71C600A685DE /* CollectionView+Coordinator.swift */; };
		8454D253245C733F00A685DE /* CollectionView+Layouts.swift in Sources */ = {isa = PBXBuildFile; fileRef = 8454D252245C733F00A685DE /* CollectionView+Layouts.swift */; };
		8454D257245DA57000A685DE /* BadgeSupplementaryView.swift in Sources */ = {isa = PBXBuildFile; fileRef = 8454D256245DA57000A685DE /* BadgeSupplementaryView.swift */; };
		8454D259245DA5B900A685DE /* UICollectionReusableView+Extensions.swift in Sources */ = {isa = PBXBuildFile; fileRef = 8454D258245DA5B900A685DE /* UICollectionReusableView+Extensions.swift */; };
		8454D25B245DAB6200A685DE /* EmptySupplementaryView.swift in Sources */ = {isa = PBXBuildFile; fileRef = 8454D25A245DAB6200A685DE /* EmptySupplementaryView.swift */; };
		8454D25D245DAFA900A685DE /* HostingControllerCollectionReusableView.swift in Sources */ = {isa = PBXBuildFile; fileRef = 8454D25C245DAFA900A685DE /* HostingControllerCollectionReusableView.swift */; };
		8454D25F245DBA4600A685DE /* SectionBackgroundDecorationView.swift in Sources */ = {isa = PBXBuildFile; fileRef = 8454D25E245DBA4600A685DE /* SectionBackgroundDecorationView.swift */; };
/* End PBXBuildFile section */

/* Begin PBXFileReference section */
		8454D22A245C202E00A685DE /* SwiftUICollectionView.app */ = {isa = PBXFileReference; explicitFileType = wrapper.application; includeInIndex = 0; path = SwiftUICollectionView.app; sourceTree = BUILT_PRODUCTS_DIR; };
		8454D22D245C202E00A685DE /* AppDelegate.swift */ = {isa = PBXFileReference; lastKnownFileType = sourcecode.swift; path = AppDelegate.swift; sourceTree = "<group>"; };
		8454D22F245C202E00A685DE /* SceneDelegate.swift */ = {isa = PBXFileReference; lastKnownFileType = sourcecode.swift; path = SceneDelegate.swift; sourceTree = "<group>"; };
		8454D231245C202E00A685DE /* ContentView.swift */ = {isa = PBXFileReference; lastKnownFileType = sourcecode.swift; path = ContentView.swift; sourceTree = "<group>"; };
		8454D233245C202F00A685DE /* Assets.xcassets */ = {isa = PBXFileReference; lastKnownFileType = folder.assetcatalog; path = Assets.xcassets; sourceTree = "<group>"; };
		8454D236245C202F00A685DE /* Preview Assets.xcassets */ = {isa = PBXFileReference; lastKnownFileType = folder.assetcatalog; path = "Preview Assets.xcassets"; sourceTree = "<group>"; };
		8454D239245C202F00A685DE /* Base */ = {isa = PBXFileReference; lastKnownFileType = file.storyboard; name = Base; path = Base.lproj/LaunchScreen.storyboard; sourceTree = "<group>"; };
		8454D23B245C202F00A685DE /* Info.plist */ = {isa = PBXFileReference; lastKnownFileType = text.plist.xml; path = Info.plist; sourceTree = "<group>"; };
		8454D241245C206200A685DE /* CollectionView.swift */ = {isa = PBXFileReference; lastKnownFileType = sourcecode.swift; path = CollectionView.swift; sourceTree = "<group>"; };
		8454D245245C21C800A685DE /* CollectionViewController.swift */ = {isa = PBXFileReference; lastKnownFileType = sourcecode.swift; path = CollectionViewController.swift; sourceTree = "<group>"; };
		8454D247245C263400A685DE /* Model.swift */ = {isa = PBXFileReference; lastKnownFileType = sourcecode.swift; path = Model.swift; sourceTree = "<group>"; };
		8454D249245C264500A685DE /* ItemCell.swift */ = {isa = PBXFileReference; lastKnownFileType = sourcecode.swift; path = ItemCell.swift; sourceTree = "<group>"; };
		8454D24B245C27F500A685DE /* UICollectionViewCell+Extensions.swift */ = {isa = PBXFileReference; lastKnownFileType = sourcecode.swift; path = "UICollectionViewCell+Extensions.swift"; sourceTree = "<group>"; };
		8454D24D245C3CC800A685DE /* HostingControllerCollectionViewCell.swift */ = {isa = PBXFileReference; lastKnownFileType = sourcecode.swift; path = HostingControllerCollectionViewCell.swift; sourceTree = "<group>"; };
		8454D250245C71C600A685DE /* CollectionView+Coordinator.swift */ = {isa = PBXFileReference; lastKnownFileType = sourcecode.swift; path = "CollectionView+Coordinator.swift"; sourceTree = "<group>"; };
		8454D252245C733F00A685DE /* CollectionView+Layouts.swift */ = {isa = PBXFileReference; lastKnownFileType = sourcecode.swift; path = "CollectionView+Layouts.swift"; sourceTree = "<group>"; };
		8454D256245DA57000A685DE /* BadgeSupplementaryView.swift */ = {isa = PBXFileReference; lastKnownFileType = sourcecode.swift; path = BadgeSupplementaryView.swift; sourceTree = "<group>"; };
		8454D258245DA5B900A685DE /* UICollectionReusableView+Extensions.swift */ = {isa = PBXFileReference; lastKnownFileType = sourcecode.swift; path = "UICollectionReusableView+Extensions.swift"; sourceTree = "<group>"; };
		8454D25A245DAB6200A685DE /* EmptySupplementaryView.swift */ = {isa = PBXFileReference; lastKnownFileType = sourcecode.swift; path = EmptySupplementaryView.swift; sourceTree = "<group>"; };
		8454D25C245DAFA900A685DE /* HostingControllerCollectionReusableView.swift */ = {isa = PBXFileReference; lastKnownFileType = sourcecode.swift; path = HostingControllerCollectionReusableView.swift; sourceTree = "<group>"; };
		8454D25E245DBA4600A685DE /* SectionBackgroundDecorationView.swift */ = {isa = PBXFileReference; lastKnownFileType = sourcecode.swift; path = SectionBackgroundDecorationView.swift; sourceTree = "<group>"; };
/* End PBXFileReference section */

/* Begin PBXFrameworksBuildPhase section */
		8454D227245C202E00A685DE /* Frameworks */ = {
			isa = PBXFrameworksBuildPhase;
			buildActionMask = 2147483647;
			files = (
			);
			runOnlyForDeploymentPostprocessing = 0;
		};
/* End PBXFrameworksBuildPhase section */

/* Begin PBXGroup section */
		8454D221245C202E00A685DE = {
			isa = PBXGroup;
			children = (
				8454D22C245C202E00A685DE /* SwiftUICollectionView */,
				8454D22B245C202E00A685DE /* Products */,
			);
			sourceTree = "<group>";
		};
		8454D22B245C202E00A685DE /* Products */ = {
			isa = PBXGroup;
			children = (
				8454D22A245C202E00A685DE /* SwiftUICollectionView.app */,
			);
			name = Products;
			sourceTree = "<group>";
		};
		8454D22C245C202E00A685DE /* SwiftUICollectionView */ = {
			isa = PBXGroup;
			children = (
				8454D23B245C202F00A685DE /* Info.plist */,
				8454D244245C206D00A685DE /* Supporting Files */,
				8454D243245C206600A685DE /* CollectionView */,
				8454D231245C202E00A685DE /* ContentView.swift */,
				8454D235245C202F00A685DE /* Preview Content */,
			);
			path = SwiftUICollectionView;
			sourceTree = "<group>";
		};
		8454D235245C202F00A685DE /* Preview Content */ = {
			isa = PBXGroup;
			children = (
				8454D236245C202F00A685DE /* Preview Assets.xcassets */,
			);
			path = "Preview Content";
			sourceTree = "<group>";
		};
		8454D243245C206600A685DE /* CollectionView */ = {
			isa = PBXGroup;
			children = (
				8454D24F245C71A500A685DE /* UIKit */,
				8454D241245C206200A685DE /* CollectionView.swift */,
				8454D247245C263400A685DE /* Model.swift */,
				8454D250245C71C600A685DE /* CollectionView+Coordinator.swift */,
			);
			path = CollectionView;
			sourceTree = "<group>";
		};
		8454D244245C206D00A685DE /* Supporting Files */ = {
			isa = PBXGroup;
			children = (
				8454D233245C202F00A685DE /* Assets.xcassets */,
				8454D22D245C202E00A685DE /* AppDelegate.swift */,
				8454D22F245C202E00A685DE /* SceneDelegate.swift */,
				8454D238245C202F00A685DE /* LaunchScreen.storyboard */,
			);
			path = "Supporting Files";
			sourceTree = "<group>";
		};
		8454D24F245C71A500A685DE /* UIKit */ = {
			isa = PBXGroup;
			children = (
				8454D245245C21C800A685DE /* CollectionViewController.swift */,
				8454D249245C264500A685DE /* ItemCell.swift */,
				8454D24D245C3CC800A685DE /* HostingControllerCollectionViewCell.swift */,
				8454D24B245C27F500A685DE /* UICollectionViewCell+Extensions.swift */,
				8454D252245C733F00A685DE /* CollectionView+Layouts.swift */,
				8454D256245DA57000A685DE /* BadgeSupplementaryView.swift */,
				8454D258245DA5B900A685DE /* UICollectionReusableView+Extensions.swift */,
				8454D25A245DAB6200A685DE /* EmptySupplementaryView.swift */,
				8454D25C245DAFA900A685DE /* HostingControllerCollectionReusableView.swift */,
				8454D25E245DBA4600A685DE /* SectionBackgroundDecorationView.swift */,
			);
			path = UIKit;
			sourceTree = "<group>";
		};
/* End PBXGroup section */

/* Begin PBXNativeTarget section */
		8454D229245C202E00A685DE /* SwiftUICollectionView */ = {
			isa = PBXNativeTarget;
			buildConfigurationList = 8454D23E245C202F00A685DE /* Build configuration list for PBXNativeTarget "SwiftUICollectionView" */;
			buildPhases = (
				8454D226245C202E00A685DE /* Sources */,
				8454D227245C202E00A685DE /* Frameworks */,
				8454D228245C202E00A685DE /* Resources */,
			);
			buildRules = (
			);
			dependencies = (
			);
			name = SwiftUICollectionView;
			productName = SwiftUICollectionView;
			productReference = 8454D22A245C202E00A685DE /* SwiftUICollectionView.app */;
			productType = "com.apple.product-type.application";
		};
/* End PBXNativeTarget section */

/* Begin PBXProject section */
		8454D222245C202E00A685DE /* Project object */ = {
			isa = PBXProject;
			attributes = {
				LastSwiftUpdateCheck = 1140;
				LastUpgradeCheck = 1140;
				ORGANIZATIONNAME = "click5 Interactive";
				TargetAttributes = {
					8454D229245C202E00A685DE = {
						CreatedOnToolsVersion = 11.4.1;
					};
				};
			};
			buildConfigurationList = 8454D225245C202E00A685DE /* Build configuration list for PBXProject "SwiftUICollectionView" */;
			compatibilityVersion = "Xcode 9.3";
			developmentRegion = en;
			hasScannedForEncodings = 0;
			knownRegions = (
				en,
				Base,
			);
			mainGroup = 8454D221245C202E00A685DE;
			productRefGroup = 8454D22B245C202E00A685DE /* Products */;
			projectDirPath = "";
			projectRoot = "";
			targets = (
				8454D229245C202E00A685DE /* SwiftUICollectionView */,
			);
		};
/* End PBXProject section */

/* Begin PBXResourcesBuildPhase section */
		8454D228245C202E00A685DE /* Resources */ = {
			isa = PBXResourcesBuildPhase;
			buildActionMask = 2147483647;
			files = (
				8454D23A245C202F00A685DE /* LaunchScreen.storyboard in Resources */,
				8454D237245C202F00A685DE /* Preview Assets.xcassets in Resources */,
				8454D234245C202F00A685DE /* Assets.xcassets in Resources */,
			);
			runOnlyForDeploymentPostprocessing = 0;
		};
/* End PBXResourcesBuildPhase section */

/* Begin PBXSourcesBuildPhase section */
		8454D226245C202E00A685DE /* Sources */ = {
			isa = PBXSourcesBuildPhase;
			buildActionMask = 2147483647;
			files = (
				8454D24E245C3CC800A685DE /* HostingControllerCollectionViewCell.swift in Sources */,
				8454D24C245C27F500A685DE /* UICollectionViewCell+Extensions.swift in Sources */,
				8454D22E245C202E00A685DE /* AppDelegate.swift in Sources */,
				8454D230245C202E00A685DE /* SceneDelegate.swift in Sources */,
				8454D242245C206200A685DE /* CollectionView.swift in Sources */,
				8454D253245C733F00A685DE /* CollectionView+Layouts.swift in Sources */,
				8454D248245C263400A685DE /* Model.swift in Sources */,
				8454D24A245C264500A685DE /* ItemCell.swift in Sources */,
				8454D25F245DBA4600A685DE /* SectionBackgroundDecorationView.swift in Sources */,
				8454D25B245DAB6200A685DE /* EmptySupplementaryView.swift in Sources */,
				8454D259245DA5B900A685DE /* UICollectionReusableView+Extensions.swift in Sources */,
				8454D232245C202E00A685DE /* ContentView.swift in Sources */,
				8454D251245C71C600A685DE /* CollectionView+Coordinator.swift in Sources */,
				8454D257245DA57000A685DE /* BadgeSupplementaryView.swift in Sources */,
				8454D25D245DAFA900A685DE /* HostingControllerCollectionReusableView.swift in Sources */,
				8454D246245C21C800A685DE /* CollectionViewController.swift in Sources */,
			);
			runOnlyForDeploymentPostprocessing = 0;
		};
/* End PBXSourcesBuildPhase section */

/* Begin PBXVariantGroup section */
		8454D238245C202F00A685DE /* LaunchScreen.storyboard */ = {
			isa = PBXVariantGroup;
			children = (
				8454D239245C202F00A685DE /* Base */,
			);
			name = LaunchScreen.storyboard;
			sourceTree = "<group>";
		};
/* End PBXVariantGroup section */

/* Begin XCBuildConfiguration section */
		8454D23C245C202F00A685DE /* Debug */ = {
			isa = XCBuildConfiguration;
			buildSettings = {
				ALWAYS_SEARCH_USER_PATHS = NO;
				CLANG_ANALYZER_NONNULL = YES;
				CLANG_ANALYZER_NUMBER_OBJECT_CONVERSION = YES_AGGRESSIVE;
				CLANG_CXX_LANGUAGE_STANDARD = "gnu++14";
				CLANG_CXX_LIBRARY = "libc++";
				CLANG_ENABLE_MODULES = YES;
				CLANG_ENABLE_OBJC_ARC = YES;
				CLANG_ENABLE_OBJC_WEAK = YES;
				CLANG_WARN_BLOCK_CAPTURE_AUTORELEASING = YES;
				CLANG_WARN_BOOL_CONVERSION = YES;
				CLANG_WARN_COMMA = YES;
				CLANG_WARN_CONSTANT_CONVERSION = YES;
				CLANG_WARN_DEPRECATED_OBJC_IMPLEMENTATIONS = YES;
				CLANG_WARN_DIRECT_OBJC_ISA_USAGE = YES_ERROR;
				CLANG_WARN_DOCUMENTATION_COMMENTS = YES;
				CLANG_WARN_EMPTY_BODY = YES;
				CLANG_WARN_ENUM_CONVERSION = YES;
				CLANG_WARN_INFINITE_RECURSION = YES;
				CLANG_WARN_INT_CONVERSION = YES;
				CLANG_WARN_NON_LITERAL_NULL_CONVERSION = YES;
				CLANG_WARN_OBJC_IMPLICIT_RETAIN_SELF = YES;
				CLANG_WARN_OBJC_LITERAL_CONVERSION = YES;
				CLANG_WARN_OBJC_ROOT_CLASS = YES_ERROR;
				CLANG_WARN_RANGE_LOOP_ANALYSIS = YES;
				CLANG_WARN_STRICT_PROTOTYPES = YES;
				CLANG_WARN_SUSPICIOUS_MOVE = YES;
				CLANG_WARN_UNGUARDED_AVAILABILITY = YES_AGGRESSIVE;
				CLANG_WARN_UNREACHABLE_CODE = YES;
				CLANG_WARN__DUPLICATE_METHOD_MATCH = YES;
				COPY_PHASE_STRIP = NO;
				DEBUG_INFORMATION_FORMAT = dwarf;
				ENABLE_STRICT_OBJC_MSGSEND = YES;
				ENABLE_TESTABILITY = YES;
				GCC_C_LANGUAGE_STANDARD = gnu11;
				GCC_DYNAMIC_NO_PIC = NO;
				GCC_NO_COMMON_BLOCKS = YES;
				GCC_OPTIMIZATION_LEVEL = 0;
				GCC_PREPROCESSOR_DEFINITIONS = (
					"DEBUG=1",
					"$(inherited)",
				);
				GCC_WARN_64_TO_32_BIT_CONVERSION = YES;
				GCC_WARN_ABOUT_RETURN_TYPE = YES_ERROR;
				GCC_WARN_UNDECLARED_SELECTOR = YES;
				GCC_WARN_UNINITIALIZED_AUTOS = YES_AGGRESSIVE;
				GCC_WARN_UNUSED_FUNCTION = YES;
				GCC_WARN_UNUSED_VARIABLE = YES;
				IPHONEOS_DEPLOYMENT_TARGET = 13.4;
				MTL_ENABLE_DEBUG_INFO = INCLUDE_SOURCE;
				MTL_FAST_MATH = YES;
				ONLY_ACTIVE_ARCH = YES;
				SDKROOT = iphoneos;
				SWIFT_ACTIVE_COMPILATION_CONDITIONS = DEBUG;
				SWIFT_OPTIMIZATION_LEVEL = "-Onone";
			};
			name = Debug;
		};
		8454D23D245C202F00A685DE /* Release */ = {
			isa = XCBuildConfiguration;
			buildSettings = {
				ALWAYS_SEARCH_USER_PATHS = NO;
				CLANG_ANALYZER_NONNULL = YES;
				CLANG_ANALYZER_NUMBER_OBJECT_CONVERSION = YES_AGGRESSIVE;
				CLANG_CXX_LANGUAGE_STANDARD = "gnu++14";
				CLANG_CXX_LIBRARY = "libc++";
				CLANG_ENABLE_MODULES = YES;
				CLANG_ENABLE_OBJC_ARC = YES;
				CLANG_ENABLE_OBJC_WEAK = YES;
				CLANG_WARN_BLOCK_CAPTURE_AUTORELEASING = YES;
				CLANG_WARN_BOOL_CONVERSION = YES;
				CLANG_WARN_COMMA = YES;
				CLANG_WARN_CONSTANT_CONVERSION = YES;
				CLANG_WARN_DEPRECATED_OBJC_IMPLEMENTATIONS = YES;
				CLANG_WARN_DIRECT_OBJC_ISA_USAGE = YES_ERROR;
				CLANG_WARN_DOCUMENTATION_COMMENTS = YES;
				CLANG_WARN_EMPTY_BODY = YES;
				CLANG_WARN_ENUM_CONVERSION = YES;
				CLANG_WARN_INFINITE_RECURSION = YES;
				CLANG_WARN_INT_CONVERSION = YES;
				CLANG_WARN_NON_LITERAL_NULL_CONVERSION = YES;
				CLANG_WARN_OBJC_IMPLICIT_RETAIN_SELF = YES;
				CLANG_WARN_OBJC_LITERAL_CONVERSION = YES;
				CLANG_WARN_OBJC_ROOT_CLASS = YES_ERROR;
				CLANG_WARN_RANGE_LOOP_ANALYSIS = YES;
				CLANG_WARN_STRICT_PROTOTYPES = YES;
				CLANG_WARN_SUSPICIOUS_MOVE = YES;
				CLANG_WARN_UNGUARDED_AVAILABILITY = YES_AGGRESSIVE;
				CLANG_WARN_UNREACHABLE_CODE = YES;
				CLANG_WARN__DUPLICATE_METHOD_MATCH = YES;
				COPY_PHASE_STRIP = NO;
				DEBUG_INFORMATION_FORMAT = "dwarf-with-dsym";
				ENABLE_NS_ASSERTIONS = NO;
				ENABLE_STRICT_OBJC_MSGSEND = YES;
				GCC_C_LANGUAGE_STANDARD = gnu11;
				GCC_NO_COMMON_BLOCKS = YES;
				GCC_WARN_64_TO_32_BIT_CONVERSION = YES;
				GCC_WARN_ABOUT_RETURN_TYPE = YES_ERROR;
				GCC_WARN_UNDECLARED_SELECTOR = YES;
				GCC_WARN_UNINITIALIZED_AUTOS = YES_AGGRESSIVE;
				GCC_WARN_UNUSED_FUNCTION = YES;
				GCC_WARN_UNUSED_VARIABLE = YES;
				IPHONEOS_DEPLOYMENT_TARGET = 13.4;
				MTL_ENABLE_DEBUG_INFO = NO;
				MTL_FAST_MATH = YES;
				SDKROOT = iphoneos;
				SWIFT_COMPILATION_MODE = wholemodule;
				SWIFT_OPTIMIZATION_LEVEL = "-O";
				VALIDATE_PRODUCT = YES;
			};
			name = Release;
		};
		8454D23F245C202F00A685DE /* Debug */ = {
			isa = XCBuildConfiguration;
			buildSettings = {
				ASSETCATALOG_COMPILER_APPICON_NAME = AppIcon;
				CODE_SIGN_STYLE = Automatic;
				DEVELOPMENT_ASSET_PATHS = "\"SwiftUICollectionView/Preview Content\"";
				DEVELOPMENT_TEAM = Q6SGLY365Y;
				ENABLE_PREVIEWS = YES;
				INFOPLIST_FILE = SwiftUICollectionView/Info.plist;
				LD_RUNPATH_SEARCH_PATHS = (
					"$(inherited)",
					"@executable_path/Frameworks",
				);
				PRODUCT_BUNDLE_IDENTIFIER = com.click5interactive.SwiftUICollectionView;
				PRODUCT_NAME = "$(TARGET_NAME)";
				SWIFT_VERSION = 5.0;
				TARGETED_DEVICE_FAMILY = "1,2";
			};
			name = Debug;
		};
		8454D240245C202F00A685DE /* Release */ = {
			isa = XCBuildConfiguration;
			buildSettings = {
				ASSETCATALOG_COMPILER_APPICON_NAME = AppIcon;
				CODE_SIGN_STYLE = Automatic;
				DEVELOPMENT_ASSET_PATHS = "\"SwiftUICollectionView/Preview Content\"";
				DEVELOPMENT_TEAM = Q6SGLY365Y;
				ENABLE_PREVIEWS = YES;
				INFOPLIST_FILE = SwiftUICollectionView/Info.plist;
				LD_RUNPATH_SEARCH_PATHS = (
					"$(inherited)",
					"@executable_path/Frameworks",
				);
				PRODUCT_BUNDLE_IDENTIFIER = com.click5interactive.SwiftUICollectionView;
				PRODUCT_NAME = "$(TARGET_NAME)";
				SWIFT_VERSION = 5.0;
				TARGETED_DEVICE_FAMILY = "1,2";
			};
			name = Release;
		};
/* End XCBuildConfiguration section */

/* Begin XCConfigurationList section */
		8454D225245C202E00A685DE /* Build configuration list for PBXProject "SwiftUICollectionView" */ = {
			isa = XCConfigurationList;
			buildConfigurations = (
				8454D23C245C202F00A685DE /* Debug */,
				8454D23D245C202F00A685DE /* Release */,
			);
			defaultConfigurationIsVisible = 0;
			defaultConfigurationName = Release;
		};
		8454D23E245C202F00A685DE /* Build configuration list for PBXNativeTarget "SwiftUICollectionView" */ = {
			isa = XCConfigurationList;
			buildConfigurations = (
				8454D23F245C202F00A685DE /* Debug */,
				8454D240245C202F00A685DE /* Release */,
			);
			defaultConfigurationIsVisible = 0;
			defaultConfigurationName = Release;
		};
/* End XCConfigurationList section */
	};
	rootObject = 8454D222245C202E00A685DE /* Project object */;
}
